Microsoft Visual Studio Solution File, Format Version 12.00
# Visual Studio Version 17
VisualStudioVersion = 17.5.2.0
MinimumVisualStudioVersion = 10.0.40219.1
Project("{2150E333-8FDC-42A3-9474-1A3956D46DE8}") = "Labfiles", "Labfiles", "{E34FE7DF-E823-91FC-26CE-DC3F33A9AAE2}"
EndProject
Project("{2150E333-8FDC-42A3-9474-1A3956D46DE8}") = "01-analyze-images", "01-analyze-images", "{DF902E5E-B615-2F57-8FCE-036C5B74DD40}"
EndProject
Project("{2150E333-8FDC-42A3-9474-1A3956D46DE8}") = "C-Sharp", "C-Sharp", "{14BFD284-CB13-E118-F455-AC527C1D0F00}"
EndProject
Project("{FAE04EC0-301F-11D3-BF4B-00C04F79EFBC}") = "image-analysis", "Labfiles\01-analyze-images\C-Sharp\image-analysis\image-analysis.csproj", "{CACDF083-0508-E2DA-F1CB-CBB2AF01D580}"
EndProject
Project("{2150E333-8FDC-42A3-9474-1A3956D46DE8}") = "03-object-detection", "03-object-detection", "{A47A4DE9-2838-6713-C067-1BD450B245CE}"
EndProject
Project("{2150E333-8FDC-42A3-9474-1A3956D46DE8}") = "C-Sharp", "C-Sharp", "{46A97D96-8FCB-4AD3-860F-7A77909F3981}"
EndProject
Project("{FAE04EC0-301F-11D3-BF4B-00C04F79EFBC}") = "test-detector", "Labfiles\03-object-detection\C-Sharp\test-detector\test-detector.csproj", "{F0637027-D61D-6647-1529-B52FEE8A6159}"
EndProject
Project("{FAE04EC0-301F-11D3-BF4B-00C04F79EFBC}") = "train-detector", "Labfiles\03-object-detection\C-Sharp\train-detector\train-detector.csproj", "{4D68A2A0-EF44-7FAA-B279-84CAB5D2E951}"
EndProject
Project("{2150E333-8FDC-42A3-9474-1A3956D46DE8}") = "04-face", "04-face", "{ED451F7D-7506-B119-C202-27AE8F1DE454}"
EndProject
Project("{2150E333-8FDC-42A3-9474-1A3956D46DE8}") = "C-Sharp", "C-Sharp", "{EF9FDC42-FB44-BDED-3A1E-B91F2A00073B}"
EndProject
Project("{FAE04EC0-301F-11D3-BF4B-00C04F79EFBC}") = "detect-people", "Labfiles\04-face\C-Sharp\computer-vision\detect-people.csproj", "{A4C3BC11-4326-9871-AA58-B85700B8807C}"
EndProject
Project("{FAE04EC0-301F-11D3-BF4B-00C04F79EFBC}") = "analyze-faces", "Labfiles\04-face\C-Sharp\face-api\analyze-faces.csproj", "{EC92846D-1FA2-C873-5B28-7E14A25898F1}"
EndProject
Project("{2150E333-8FDC-42A3-9474-1A3956D46DE8}") = "05-ocr", "05-ocr", "{1D0CA278-B58A-593C-6720-C3E67F0BD7A3}"
EndProject
Project("{2150E333-8FDC-42A3-9474-1A3956D46DE8}") = "C-Sharp", "C-Sharp", "{D04ABBEE-B183-41E5-04F5-2B575175295B}"
EndProject
Project("{FAE04EC0-301F-11D3-BF4B-00C04F79EFBC}") = "read-text", "Labfiles\05-ocr\C-Sharp\read-text\read-text.csproj", "{0EB2D961-63A1-DF95-37F2-493B4F1DFD33}"
EndProject
Project("{2150E333-8FDC-42A3-9474-1A3956D46DE8}") = "07-custom-vision-image-classification", "07-custom-vision-image-classification", "{C6E9AE19-EA2A-8948-C548-E3A623FC5A30}"
EndProject
Project("{2150E333-8FDC-42A3-9474-1A3956D46DE8}") = "C-Sharp", "C-Sharp", "{5CE3E70E-3C2F-793F-1FF2-CB71D500C63B}"
EndProject
Project("{FAE04EC0-301F-11D3-BF4B-00C04F79EFBC}") = "test-classifier", "Labfiles\07-custom-vision-image-classification\C-Sharp\test-classifier\test-classifier.csproj", "{61F34C6D-41E1-422F-BF2A-7EC4F152592F}"
EndProject
Project("{FAE04EC0-301F-11D3-BF4B-00C04F79EFBC}") = "train-classifier", "Labfiles\07-custom-vision-image-classification\C-Sharp\train-classifier\train-classifier.csproj", "{1FD53070-930B-F928-BCBB-06BACFDD78D7}"
EndProject
Global
	GlobalSection(SolutionConfigurationPlatforms) = preSolution
		Debug|Any CPU = Debug|Any CPU
		Release|Any CPU = Release|Any CPU
	EndGlobalSection
	GlobalSection(ProjectConfigurationPlatforms) = postSolution
		{CACDF083-0508-E2DA-F1CB-CBB2AF01D580}.Debug|Any CPU.ActiveCfg = Debug|Any CPU
		{CACDF083-0508-E2DA-F1CB-CBB2AF01D580}.Debug|Any CPU.Build.0 = Debug|Any CPU
		{CACDF083-0508-E2DA-F1CB-CBB2AF01D580}.Release|Any CPU.ActiveCfg = Release|Any CPU
		{CACDF083-0508-E2DA-F1CB-CBB2AF01D580}.Release|Any CPU.Build.0 = Release|Any CPU
		{F0637027-D61D-6647-1529-B52FEE8A6159}.Debug|Any CPU.ActiveCfg = Debug|Any CPU
		{F0637027-D61D-6647-1529-B52FEE8A6159}.Debug|Any CPU.Build.0 = Debug|Any CPU
		{F0637027-D61D-6647-1529-B52FEE8A6159}.Release|Any CPU.ActiveCfg = Release|Any CPU
		{F0637027-D61D-6647-1529-B52FEE8A6159}.Release|Any CPU.Build.0 = Release|Any CPU
		{4D68A2A0-EF44-7FAA-B279-84CAB5D2E951}.Debug|Any CPU.ActiveCfg = Debug|Any CPU
		{4D68A2A0-EF44-7FAA-B279-84CAB5D2E951}.Debug|Any CPU.Build.0 = Debug|Any CPU
		{4D68A2A0-EF44-7FAA-B279-84CAB5D2E951}.Release|Any CPU.ActiveCfg = Release|Any CPU
		{4D68A2A0-EF44-7FAA-B279-84CAB5D2E951}.Release|Any CPU.Build.0 = Release|Any CPU
		{A4C3BC11-4326-9871-AA58-B85700B8807C}.Debug|Any CPU.ActiveCfg = Debug|Any CPU
		{A4C3BC11-4326-9871-AA58-B85700B8807C}.Debug|Any CPU.Build.0 = Debug|Any CPU
		{A4C3BC11-4326-9871-AA58-B85700B8807C}.Release|Any CPU.ActiveCfg = Release|Any CPU
		{A4C3BC11-4326-9871-AA58-B85700B8807C}.Release|Any CPU.Build.0 = Release|Any CPU
		{EC92846D-1FA2-C873-5B28-7E14A25898F1}.Debug|Any CPU.ActiveCfg = Debug|Any CPU
		{EC92846D-1FA2-C873-5B28-7E14A25898F1}.Debug|Any CPU.Build.0 = Debug|Any CPU
		{EC92846D-1FA2-C873-5B28-7E14A25898F1}.Release|Any CPU.ActiveCfg = Release|Any CPU
		{EC92846D-1FA2-C873-5B28-7E14A25898F1}.Release|Any CPU.Build.0 = Release|Any CPU
		{0EB2D961-63A1-DF95-37F2-493B4F1DFD33}.Debug|Any CPU.ActiveCfg = Debug|Any CPU
		{0EB2D961-63A1-DF95-37F2-493B4F1DFD33}.Debug|Any CPU.Build.0 = Debug|Any CPU
		{0EB2D961-63A1-DF95-37F2-493B4F1DFD33}.Release|Any CPU.ActiveCfg = Release|Any CPU
		{0EB2D961-63A1-DF95-37F2-493B4F1DFD33}.Release|Any CPU.Build.0 = Release|Any CPU
		{61F34C6D-41E1-422F-BF2A-7EC4F152592F}.Debug|Any CPU.ActiveCfg = Debug|Any CPU
		{61F34C6D-41E1-422F-BF2A-7EC4F152592F}.Debug|Any CPU.Build.0 = Debug|Any CPU
		{61F34C6D-41E1-422F-BF2A-7EC4F152592F}.Release|Any CPU.ActiveCfg = Release|Any CPU
		{61F34C6D-41E1-422F-BF2A-7EC4F152592F}.Release|Any CPU.Build.0 = Release|Any CPU
		{1FD53070-930B-F928-BCBB-06BACFDD78D7}.Debug|Any CPU.ActiveCfg = Debug|Any CPU
		{1FD53070-930B-F928-BCBB-06BACFDD78D7}.Debug|Any CPU.Build.0 = Debug|Any CPU
		{1FD53070-930B-F928-BCBB-06BACFDD78D7}.Release|Any CPU.ActiveCfg = Release|Any CPU
		{1FD53070-930B-F928-BCBB-06BACFDD78D7}.Release|Any CPU.Build.0 = Release|Any CPU
	EndGlobalSection
	GlobalSection(SolutionProperties) = preSolution
		HideSolutionNode = FALSE
	EndGlobalSection
	GlobalSection(NestedProjects) = preSolution
		{DF902E5E-B615-2F57-8FCE-036C5B74DD40} = {E34FE7DF-E823-91FC-26CE-DC3F33A9AAE2}
		{14BFD284-CB13-E118-F455-AC527C1D0F00} = {DF902E5E-B615-2F57-8FCE-036C5B74DD40}
		{CACDF083-0508-E2DA-F1CB-CBB2AF01D580} = {14BFD284-CB13-E118-F455-AC527C1D0F00}
		{A47A4DE9-2838-6713-C067-1BD450B245CE} = {E34FE7DF-E823-91FC-26CE-DC3F33A9AAE2}
		{46A97D96-8FCB-4AD3-860F-7A77909F3981} = {A47A4DE9-2838-6713-C067-1BD450B245CE}
		{F0637027-D61D-6647-1529-B52FEE8A6159} = {46A97D96-8FCB-4AD3-860F-7A77909F3981}
		{4D68A2A0-EF44-7FAA-B279-84CAB5D2E951} = {46A97D96-8FCB-4AD3-860F-7A77909F3981}
		{ED451F7D-7506-B119-C202-27AE8F1DE454} = {E34FE7DF-E823-91FC-26CE-DC3F33A9AAE2}
		{EF9FDC42-FB44-BDED-3A1E-B91F2A00073B} = {ED451F7D-7506-B119-C202-27AE8F1DE454}
		{A4C3BC11-4326-9871-AA58-B85700B8807C} = {EF9FDC42-FB44-BDED-3A1E-B91F2A00073B}
		{EC92846D-1FA2-C873-5B28-7E14A25898F1} = {EF9FDC42-FB44-BDED-3A1E-B91F2A00073B}
		{1D0CA278-B58A-593C-6720-C3E67F0BD7A3} = {E34FE7DF-E823-91FC-26CE-DC3F33A9AAE2}
		{D04ABBEE-B183-41E5-04F5-2B575175295B} = {1D0CA278-B58A-593C-6720-C3E67F0BD7A3}
		{0EB2D961-63A1-DF95-37F2-493B4F1DFD33} = {D04ABBEE-B183-41E5-04F5-2B575175295B}
		{C6E9AE19-EA2A-8948-C548-E3A623FC5A30} = {E34FE7DF-E823-91FC-26CE-DC3F33A9AAE2}
		{5CE3E70E-3C2F-793F-1FF2-CB71D500C63B} = {C6E9AE19-EA2A-8948-C548-E3A623FC5A30}
		{61F34C6D-41E1-422F-BF2A-7EC4F152592F} = {5CE3E70E-3C2F-793F-1FF2-CB71D500C63B}
		{1FD53070-930B-F928-BCBB-06BACFDD78D7} = {5CE3E70E-3C2F-793F-1FF2-CB71D500C63B}
	EndGlobalSection
	GlobalSection(ExtensibilityGlobals) = postSolution
		SolutionGuid = {85CE44A4-DF1C-48AB-9C8B-9B30C01D43C2}
	EndGlobalSection
EndGlobal
